
Microsoft Visual Studio Solution File, Format Version 12.00
# Visual Studio Version 16
VisualStudioVersion = 16.0.32802.440
MinimumVisualStudioVersion = 10.0.40219.1
Project("{FAE04EC0-301F-11D3-BF4B-00C04F79EFBC}") = "PenisLerningWinforms", "PenisLerningWinforms\PenisLerningWinforms.csproj", "{1284D37A-C3A9-4C2F-B65D-C395DA5B9921}"
EndProject
Global
	GlobalSection(SolutionConfigurationPlatforms) = preSolution
		Debug|Any CPU = Debug|Any CPU
		Release|Any CPU = Release|Any CPU
	EndGlobalSection
	GlobalSection(ProjectConfigurationPlatforms) = postSolution
		{1284D37A-C3A9-4C2F-B65D-C395DA5B9921}.Debug|Any CPU.ActiveCfg = Debug|Any CPU
		{1284D37A-C3A9-4C2F-B65D-C395DA5B9921}.Debug|Any CPU.Build.0 = Debug|Any CPU
		{1284D37A-C3A9-4C2F-B65D-C395DA5B9921}.Release|Any CPU.ActiveCfg = Release|Any CPU
		{1284D37A-C3A9-4C2F-B65D-C395DA5B9921}.Release|Any CPU.Build.0 = Release|Any CPU
	EndGlobalSection
	GlobalSection(SolutionProperties) = preSolution
		HideSolutionNode = FALSE
	EndGlobalSection
	GlobalSection(ExtensibilityGlobals) = postSolution
		SolutionGuid = {1F94D4ED-C61C-4526-8200-35F3BEAE8E48}
	EndGlobalSection
EndGlobal
